
Microsoft Visual Studio Solution File, Format Version 12.00
# Visual Studio 15
VisualStudioVersion = 15.0.28307.539
MinimumVisualStudioVersion = 10.0.40219.1
Project("{FAE04EC0-301F-11D3-BF4B-00C04F79EFBC}") = "LeaderElection", "LeaderElection\LeaderElection.csproj", "{57B9B805-9DCF-4FEA-AAE1-486AFAE60EE0}"
EndProject
Global
	GlobalSection(SolutionConfigurationPlatforms) = preSolution
		Debug|Any CPU = Debug|Any CPU
		Release|Any CPU = Release|Any CPU
	EndGlobalSection
	GlobalSection(ProjectConfigurationPlatforms) = postSolution
		{57B9B805-9DCF-4FEA-AAE1-486AFAE60EE0}.Debug|Any CPU.ActiveCfg = Debug|Any CPU
		{57B9B805-9DCF-4FEA-AAE1-486AFAE60EE0}.Debug|Any CPU.Build.0 = Debug|Any CPU
		{57B9B805-9DCF-4FEA-AAE1-486AFAE60EE0}.Release|Any CPU.ActiveCfg = Release|Any CPU
		{57B9B805-9DCF-4FEA-AAE1-486AFAE60EE0}.Release|Any CPU.Build.0 = Release|Any CPU
	EndGlobalSection
	GlobalSection(SolutionProperties) = preSolution
		HideSolutionNode = FALSE
	EndGlobalSection
	GlobalSection(ExtensibilityGlobals) = postSolution
		SolutionGuid = {3703125C-F8D5-4C46-ACF4-6CCE3548E05E}
	EndGlobalSection
EndGlobal
